<?xml version="1.0" encoding="utf-8"?>
<Project ToolsVersion="4.0" xmlns="http://schemas.microsoft.com/developer/msbuild/2003">
  <ItemGroup>
    <Filter Include="Source Files">
      <UniqueIdentifier>{4FC737F1-C7A5-4376-A066-2A32D752A2FF}</UniqueIdentifier>
      <Extensions>cpp;c;cc;cxx;c++;cppm;ixx;def;odl;idl;hpj;bat;asm;asmx</Extensions>
    </Filter>
    <Filter Include="Header Files">
      <UniqueIdentifier>{93995380-89BD-4b04-88EB-625FBE52EBFB}</UniqueIdentifier>
      <Extensions>h;hh;hpp;hxx;h++;hm;inl;inc;ipp;xsd</Extensions>
    </Filter>
    <Filter Include="Header Files\Camera">
      <UniqueIdentifier>{82806d0d-67b9-4d44-b17a-c37b63a34dad}</UniqueIdentifier>
    </Filter>
    <Filter Include="Header Files\Object">
      <UniqueIdentifier>{2fe124e4-2ac3-4ca4-9c38-d4f165a602ed}</UniqueIdentifier>
    </Filter>
    <Filter Include="Shaders">
      <UniqueIdentifier>{d0c2f1d9-5ced-4bbc-8952-e0fda72694d3}</UniqueIdentifier>
    </Filter>
    <Filter Include="Header Files\Rendering">
      <UniqueIdentifier>{87043aae-913c-445b-b6f8-b1f435b5a67e}</UniqueIdentifier>
    </Filter>
  </ItemGroup>
  <ItemGroup>
    <ClCompile Include="src\Tracker.cpp">
      <Filter>Source Files</Filter>
    </ClCompile>
    <ClCompile Include="src\Camera\uEyeCamera.cpp">
      <Filter>Source Files</Filter>
    </ClCompile>
    <ClCompile Include="src\Camera\OpenCVCamera.cpp">
      <Filter>Source Files</Filter>
    </ClCompile>
    <ClCompile Include="src\Object\AssimpGeometry.cpp">
      <Filter>Source Files</Filter>
    </ClCompile>
    <ClCompile Include="src\Rendering\Shader.cpp">
      <Filter>Source Files</Filter>
    </ClCompile>
    <ClCompile Include="src\Rendering\Renderer.cpp">
      <Filter>Source Files</Filter>
    </ClCompile>
    <ClCompile Include="src\Object\ModelEdgeDetector.cpp">
      <Filter>Source Files</Filter>
    </ClCompile>
  </ItemGroup>
  <ItemGroup>
    <ClInclude Include="src\Camera\Camera.h">
      <Filter>Header Files\Camera</Filter>
    </ClInclude>
    <ClInclude Include="src\Camera\uEyeCamera.h">
      <Filter>Header Files\Camera</Filter>
    </ClInclude>
    <ClInclude Include="src\Camera\OpenCVCamera.h">
      <Filter>Header Files\Camera</Filter>
    </ClInclude>
    <ClInclude Include="src\Object\Geometry.h">
      <Filter>Header Files\Object</Filter>
    </ClInclude>
    <ClInclude Include="src\Object\AssimpGeometry.h">
      <Filter>Header Files\Object</Filter>
    </ClInclude>
    <ClInclude Include="src\Rendering\Shader.h">
      <Filter>Header Files\Rendering</Filter>
    </ClInclude>
    <ClInclude Include="src\Rendering\Renderer.h">
      <Filter>Header Files\Rendering</Filter>
    </ClInclude>
    <ClInclude Include="src\Object\ModelEdgeDetector.h">
      <Filter>Header Files</Filter>
    </ClInclude>
  </ItemGroup>
  <ItemGroup>
    <None Include="src\Shaders\pass.vert">
      <Filter>Shaders</Filter>
    </None>
    <None Include="src\Shaders\simple.frag">
      <Filter>Shaders</Filter>
    </None>
  </ItemGroup>
</Project>